<Solution>
  <Folder Name="/src/">
    <Project Path="src/Orchid.Application/Orchid.Application.csproj" />
    <Project Path="src/Orchid.Core/Orchid.Core.csproj" />
    <Project Path="src/Orchid.Presentation.Android/Orchid.Presentation.Android.csproj" />
    <Project Path="src/Orchid.Presentation.Universal/Orchid.Presentation.Universal.csproj" />
    <Project Path="src/Orchid.Presentation.Windows/Orchid.Presentation.Windows.csproj" />
  </Folder>
  <Folder Name="/tests/">
    <Project Path="tests/Orchid.Tests/Orchid.Tests.csproj" />
  </Folder>
</Solution>
